
Microsoft Visual Studio Solution File, Format Version 12.00
# Visual Studio Version 17
VisualStudioVersion = 17.8.34330.188
MinimumVisualStudioVersion = 10.0.40219.1
Project("{FAE04EC0-301F-11D3-BF4B-00C04F79EFBC}") = "Kolorownik", "Kolorownik.csproj", "{7171D04A-7934-4C5C-87D3-3D075E76CD46}"
EndProject
Global
	GlobalSection(SolutionConfigurationPlatforms) = preSolution
		Debug|Any CPU = Debug|Any CPU
		Release|Any CPU = Release|Any CPU
	EndGlobalSection
	GlobalSection(ProjectConfigurationPlatforms) = postSolution
		{7171D04A-7934-4C5C-87D3-3D075E76CD46}.Debug|Any CPU.ActiveCfg = Debug|Any CPU
		{7171D04A-7934-4C5C-87D3-3D075E76CD46}.Debug|Any CPU.Build.0 = Debug|Any CPU
		{7171D04A-7934-4C5C-87D3-3D075E76CD46}.Release|Any CPU.ActiveCfg = Release|Any CPU
		{7171D04A-7934-4C5C-87D3-3D075E76CD46}.Release|Any CPU.Build.0 = Release|Any CPU
	EndGlobalSection
	GlobalSection(SolutionProperties) = preSolution
		HideSolutionNode = FALSE
	EndGlobalSection
	GlobalSection(ExtensibilityGlobals) = postSolution
		SolutionGuid = {FADAD536-CDEF-4A9E-AC41-0D71801D0654}
	EndGlobalSection
EndGlobal
